
Microsoft Visual Studio Solution File, Format Version 12.00
# Visual Studio Version 16
VisualStudioVersion = 16.0.30128.74
MinimumVisualStudioVersion = 10.0.40219.1
Project("{888888A0-9F3D-457C-B088-3A5042F75D52}") = "RITHealthCheckup", "RITHealthCheckup.pyproj", "{7DE4C472-987D-4210-B2CA-1CDA7730F7EE}"
EndProject
Global
	GlobalSection(SolutionConfigurationPlatforms) = preSolution
		Debug|Any CPU = Debug|Any CPU
		Release|Any CPU = Release|Any CPU
	EndGlobalSection
	GlobalSection(ProjectConfigurationPlatforms) = postSolution
		{7DE4C472-987D-4210-B2CA-1CDA7730F7EE}.Debug|Any CPU.ActiveCfg = Debug|Any CPU
		{7DE4C472-987D-4210-B2CA-1CDA7730F7EE}.Release|Any CPU.ActiveCfg = Release|Any CPU
	EndGlobalSection
	GlobalSection(SolutionProperties) = preSolution
		HideSolutionNode = FALSE
	EndGlobalSection
	GlobalSection(ExtensibilityGlobals) = postSolution
		SolutionGuid = {E7A6B6AC-8018-47BB-B9AB-F555EF47A00E}
	EndGlobalSection
EndGlobal
